
Microsoft Visual Studio Solution File, Format Version 12.00
# Visual Studio 14
VisualStudioVersion = 14.0.25420.1
MinimumVisualStudioVersion = 10.0.40219.1
Project("{FAE04EC0-301F-11D3-BF4B-00C04F79EFBC}") = "SoundRecorder", "SoundRecorder\SoundRecorder.csproj", "{5E8E93E6-0BC7-4E8D-8549-C3C36B0E271B}"
EndProject
Project("{54435603-DBB4-11D2-8724-00A0C9A8B90C}") = "Installer", "Installer\Installer.vdproj", "{7A8569B5-15FB-4FF9-853E-577931D44A46}"
EndProject
Global
	GlobalSection(SolutionConfigurationPlatforms) = preSolution
		Debug|Any CPU = Debug|Any CPU
		Release|Any CPU = Release|Any CPU
	EndGlobalSection
	GlobalSection(ProjectConfigurationPlatforms) = postSolution
		{5E8E93E6-0BC7-4E8D-8549-C3C36B0E271B}.Debug|Any CPU.ActiveCfg = Debug|Any CPU
		{5E8E93E6-0BC7-4E8D-8549-C3C36B0E271B}.Debug|Any CPU.Build.0 = Debug|Any CPU
		{5E8E93E6-0BC7-4E8D-8549-C3C36B0E271B}.Release|Any CPU.ActiveCfg = Release|Any CPU
		{5E8E93E6-0BC7-4E8D-8549-C3C36B0E271B}.Release|Any CPU.Build.0 = Release|Any CPU
		{7A8569B5-15FB-4FF9-853E-577931D44A46}.Debug|Any CPU.ActiveCfg = Debug
		{7A8569B5-15FB-4FF9-853E-577931D44A46}.Release|Any CPU.ActiveCfg = Release
	EndGlobalSection
	GlobalSection(SolutionProperties) = preSolution
		HideSolutionNode = FALSE
	EndGlobalSection
EndGlobal
